
Microsoft Visual Studio Solution File, Format Version 12.00
# Visual Studio Version 17
VisualStudioVersion = 17.11.35431.28
MinimumVisualStudioVersion = 10.0.40219.1
Project("{FAE04EC0-301F-11D3-BF4B-00C04F79EFBC}") = "BrowseJobs", "BrowseJobs.csproj", "{C7EEF1D8-E199-44F0-8D84-5DC66B4E2E04}"
EndProject
Project("{2150E333-8FDC-42A3-9474-1A3956D46DE8}") = "Solution Items", "Solution Items", "{F992C82A-3F8E-414B-BCE8-E1B33631839C}"
	ProjectSection(SolutionItems) = preProject
		shit.cs = shit.cs
	EndProjectSection
EndProject
Global
	GlobalSection(SolutionConfigurationPlatforms) = preSolution
		Debug|Any CPU = Debug|Any CPU
		Release|Any CPU = Release|Any CPU
	EndGlobalSection
	GlobalSection(ProjectConfigurationPlatforms) = postSolution
		{C7EEF1D8-E199-44F0-8D84-5DC66B4E2E04}.Debug|Any CPU.ActiveCfg = Debug|Any CPU
		{C7EEF1D8-E199-44F0-8D84-5DC66B4E2E04}.Debug|Any CPU.Build.0 = Debug|Any CPU
		{C7EEF1D8-E199-44F0-8D84-5DC66B4E2E04}.Release|Any CPU.ActiveCfg = Release|Any CPU
		{C7EEF1D8-E199-44F0-8D84-5DC66B4E2E04}.Release|Any CPU.Build.0 = Release|Any CPU
	EndGlobalSection
	GlobalSection(SolutionProperties) = preSolution
		HideSolutionNode = FALSE
	EndGlobalSection
	GlobalSection(ExtensibilityGlobals) = postSolution
		SolutionGuid = {2801AE9D-95F3-4E15-AA04-02777E9E2ED6}
	EndGlobalSection
EndGlobal
